# THIS IS AN AUTOGENERATED FILE. DO NOT EDIT THIS FILE DIRECTLY.
# yarn lockfile v1


identitymap@^1.0.0:
  version "1.0.0"
  resolved "https://registry.yarnpkg.com/identitymap/-/identitymap-1.0.0.tgz#d35aa8700b8b87b2394b55be5431fbc71f3ec016"
  integrity sha512-PuFF0OmWSeOdbozGlOYfTdDIR2WVrrZTjGzLGNvMYlWqSfXOJkonV0xZzhx2vAga0FA4tPpO8G36Wa21XBD5BA==
